{
  "name": "yam",
  "version": "0.4.8",
  "lockfileVersion": 3,
  "requires": true,
  "packages": {
    "": {
      "name": "yam",
      "version": "0.4.8",
      "license": "UNLICENSED",
      "dependencies": {
        "kew": "0.7.0"
      },
      "engines": {
        "node": ">=14.14.0",
        "volumio": ">=4"
      }
    },
    "node_modules/kew": {
      "version": "0.7.0",
      "resolved": "https://registry.npmjs.org/kew/-/kew-0.7.0.tgz",
      "integrity": "sha512-IG6nm0+QtAMdXt9KvbgbGdvY50RSrw+U4sGZg+KlrSKPJEwVE5JVoI3d7RWfSMdBQneRheeAOj3lIjX5VL/9RQ==",
      "license": "Apache-2.0"
    }
  }
}
